{
  "version": 1,
  "transactionId": "1791345234786881456-0",
  "skills": {
    "skilld": {
      "source": {
        "type": "remote",
        "source": "github:skilld-dev/skilld/skills/skilld#commit:a71ea9c8eefdd6e2578f9e62989ccac03133bc68",
        "commit_sha": "a71ea9c8eefdd6e2578f9e62989ccac03133bc68",
        "skill_path": "skills/skilld"
      },
      "sourceStatus": {
        "type": "verified",
        "artifact_id": "sha256:0ea5db9047ac38f4ac79dec2c20ccf29c4cf076f6eb83211829da5a9a33ff304",
        "content_sha256": "0ea5db9047ac38f4ac79dec2c20ccf29c4cf076f6eb83211829da5a9a33ff304",
        "installed_sha256": "83df67092189efdeb917f6d11cd578e11de764851a940763aed23ca0e5c16d10",
        "attestation_key_id": "skilld-production-2026-08"
      },
      "targets": [
        {
          "agent": "claude-code",
          "mode": "symlink"
        },
        {
          "agent": "codex",
          "mode": "symlink"
        },
        {
          "agent": "opencode",
          "mode": "symlink"
        }
      ]
    }
  },
  "requirements": {
    "skilld-dev-site": {}
  },
  "declarations": {
    "skilld-dev-site": {
      "skilld": {
        "source": {
          "type": "remote",
          "source": "github:skilld-dev/skilld/skills/skilld#commit:a71ea9c8eefdd6e2578f9e62989ccac03133bc68",
          "commit_sha": "a71ea9c8eefdd6e2578f9e62989ccac03133bc68",
          "skill_path": "skills/skilld"
        },
        "targets": [
          {
            "agent": "claude-code",
            "mode": "symlink"
          },
          {
            "agent": "codex",
            "mode": "symlink"
          },
          {
            "agent": "opencode",
            "mode": "symlink"
          }
        ]
      }
    }
  }
}
