{
  "name": "skilld-harness-container-runner",
  "lockfileVersion": 3,
  "requires": true,
  "packages": {
    "": {
      "name": "skilld-harness-container-runner",
      "dependencies": {
        "@ai-sdk/harness": "1.0.138",
        "@ai-sdk/harness-opencode": "1.0.140",
        "skilld-harness": "3.6.4",
        "ws": "8.21.0",
        "zod": "4.5.4"
      }
    },
    "node_modules/@ai-sdk/gateway": {
      "version": "4.0.103",
      "resolved": "https://registry.npmjs.org/@ai-sdk/gateway/-/gateway-4.0.103.tgz",
      "integrity": "sha512-nnGTUHzPRQ14jhv9CL4OQrzcRBIFTBMIPKGIi9Z9u/4GtwSRxa/nxUX6np2Iwp5phOzO0a0njj/j9Jolf5AEaA==",
      "license": "Apache-2.0",
      "dependencies": {
        "@ai-sdk/provider": "4.0.21",
        "@ai-sdk/provider-utils": "5.0.53",
        "@vercel/oidc": "3.2.0"
      },
      "engines": {
        "node": ">=22"
      },
      "peerDependencies": {
        "zod": "^3.25.76 || ^4.1.8"
      }
    },
    "node_modules/@ai-sdk/harness": {
      "version": "1.0.138",
      "resolved": "https://registry.npmjs.org/@ai-sdk/harness/-/harness-1.0.138.tgz",
      "integrity": "sha512-eoLHWMLlCzYo3rMenPimJ7IvjMiSV/L1CXS4VihXQozY8Pr/tK+afMQS8GNk8S0OagYiex5ZC+DEI7vquanZmw==",
      "license": "Apache-2.0",
      "dependencies": {
        "@ai-sdk/provider": "4.0.21",
        "@ai-sdk/provider-utils": "5.0.53",
        "ai": "7.0.127"
      },
      "engines": {
        "node": ">=22"
      },
      "peerDependencies": {
        "ws": "^8.21.0",
        "zod": "^3.25.76 || ^4.1.8"
      },
      "peerDependenciesMeta": {
        "ws": {
          "optional": true
        }
      }
    },
    "node_modules/@ai-sdk/harness-opencode": {
      "version": "1.0.140",
      "resolved": "https://registry.npmjs.org/@ai-sdk/harness-opencode/-/harness-opencode-1.0.140.tgz",
      "integrity": "sha512-EoMpnU1PGCZEKfAoZzGOzMafm8deAkRQ0dfAEUv+jNPEKsus2EIzZjcb5gf3yZ+knFNm1XqiSt0pcJuOad+TFQ==",
      "license": "Apache-2.0",
      "dependencies": {
        "@ai-sdk/harness": "1.0.138",
        "@ai-sdk/provider": "4.0.21",
        "@ai-sdk/provider-utils": "5.0.53",
        "ws": "8.21.0"
      },
      "engines": {
        "node": ">=22"
      },
      "peerDependencies": {
        "zod": "^3.25.76 || ^4.1.8"
      }
    },
    "node_modules/@ai-sdk/provider": {
      "version": "4.0.21",
      "resolved": "https://registry.npmjs.org/@ai-sdk/provider/-/provider-4.0.21.tgz",
      "integrity": "sha512-UpbC9C1oht8dhfKPbVXSLRZS3DI8uk8n5v2uMjBPNIYGsC2kL045ywq7D8Hh9KgnH9rP5W/GxQdYtWScRouqlA==",
      "license": "Apache-2.0",
      "dependencies": {
        "json-schema": "^0.4.0"
      },
      "engines": {
        "node": ">=22"
      }
    },
    "node_modules/@ai-sdk/provider-utils": {
      "version": "5.0.53",
      "resolved": "https://registry.npmjs.org/@ai-sdk/provider-utils/-/provider-utils-5.0.53.tgz",
      "integrity": "sha512-VVe6UDd0y0/B4TfauuKKzcppqvhTmSluwwUVT4WG2/8h7gFbyFm7PM4UGM+ZXe3/RI6bv+Vl1cw/7aiBoQqdxg==",
      "license": "Apache-2.0",
      "dependencies": {
        "@ai-sdk/provider": "4.0.21",
        "@standard-schema/spec": "^1.1.0",
        "@workflow/serde": "4.1.0",
        "eventsource-parser": "^3.0.8",
        "undici": "^7.29.0"
      },
      "engines": {
        "node": ">=22"
      },
      "peerDependencies": {
        "zod": "^3.25.76 || ^4.1.8"
      }
    },
    "node_modules/@standard-schema/spec": {
      "version": "1.1.0",
      "resolved": "https://registry.npmjs.org/@standard-schema/spec/-/spec-1.1.0.tgz",
      "integrity": "sha512-l2aFy5jALhniG5HgqrD6jXLi/rUWrKvqN/qJx6yoJsgKhblVd+iqqU4RCXavm/jPityDo5TCvKMnpjKnOriy0w==",
      "license": "MIT"
    },
    "node_modules/@vercel/oidc": {
      "version": "3.2.0",
      "resolved": "https://registry.npmjs.org/@vercel/oidc/-/oidc-3.2.0.tgz",
      "integrity": "sha512-UycprH3T6n3jH0k44NHMa7pnFHGu/N05MjojYr+Mc6I7obkoLIJujSWwin1pCvdy/eOxrI/l3uDLQsmcrOb4ug==",
      "license": "Apache-2.0",
      "engines": {
        "node": ">= 20"
      }
    },
    "node_modules/@workflow/serde": {
      "version": "4.1.0",
      "resolved": "https://registry.npmjs.org/@workflow/serde/-/serde-4.1.0.tgz",
      "integrity": "sha512-pav4F2BoirECWR7Nf1TKt+2eETcBj7jj4cBefQ8VXQCA6NPkaKeLfj/zMgi+3zYV5ZIBT4GuUiphsj0/b9hPQQ==",
      "license": "Apache-2.0"
    },
    "node_modules/ai": {
      "version": "7.0.127",
      "resolved": "https://registry.npmjs.org/ai/-/ai-7.0.127.tgz",
      "integrity": "sha512-JNsNPk4ZvRGEJuqdVo2lYFkm7uAuf3p/RwKFWn1Wh/+IK3U1RyFWw2GXoFnhzqNfxEuj7XJB4WpIUhl1sHToWg==",
      "license": "Apache-2.0",
      "dependencies": {
        "@ai-sdk/gateway": "4.0.103",
        "@ai-sdk/provider": "4.0.21",
        "@ai-sdk/provider-utils": "5.0.53"
      },
      "engines": {
        "node": ">=22"
      },
      "peerDependencies": {
        "zod": "^3.25.76 || ^4.1.8"
      }
    },
    "node_modules/eventsource-parser": {
      "version": "3.1.1",
      "resolved": "https://registry.npmjs.org/eventsource-parser/-/eventsource-parser-3.1.1.tgz",
      "integrity": "sha512-EKN1vKAMcZ8MlYMpaNuxN6R9yakzH6uajHcHVTqWJzvu5pWw9DyhbP35HH8MVBQ+dZjAfDxk+A8NiR9KWaXiyQ==",
      "license": "MIT",
      "engines": {
        "node": ">=18.0.0"
      }
    },
    "node_modules/json-schema": {
      "version": "0.4.0",
      "resolved": "https://registry.npmjs.org/json-schema/-/json-schema-0.4.0.tgz",
      "integrity": "sha512-es94M3nTIfsEPisRafak+HDLfHXnKBhV3vU5eqPcS3flIWqcxJWgXHXiey3YrpaNsanY5ei1VoYEbOzijuq9BA==",
      "license": "(AFL-2.1 OR BSD-3-Clause)"
    },
    "node_modules/skilld-harness": {
      "version": "3.6.4",
      "resolved": "https://registry.npmjs.org/skilld-harness/-/skilld-harness-3.6.4.tgz",
      "integrity": "sha512-HrtQ8zp998epmTAXz/RXUHtlzMKk4hUSgY3fRKSVtdyNeZy0yCOglkIJcTxuJL99ly3yQY1BiscK9bnaWqtmtA==",
      "license": "MIT",
      "dependencies": {
        "@ai-sdk/harness": "^1.0.128",
        "yaml": "^2.9.0",
        "zod": "^4.5.4"
      },
      "engines": {
        "node": ">=22.0.0"
      }
    },
    "node_modules/undici": {
      "version": "7.30.0",
      "resolved": "https://registry.npmjs.org/undici/-/undici-7.30.0.tgz",
      "integrity": "sha512-dkrQXeHSaoamnItlYbmzG0wFYrM0ZwDxCIg0A7aKjTyyhh9svRzCNFEzV+Vm05/yehjCzjDZ31KXfGEjYSztDQ==",
      "license": "MIT",
      "engines": {
        "node": ">=20.18.1"
      }
    },
    "node_modules/ws": {
      "version": "8.21.0",
      "resolved": "https://registry.npmjs.org/ws/-/ws-8.21.0.tgz",
      "integrity": "sha512-Vsp28b7DRcimFQvrqu2Wek3z1iYxDCWqHYB8Qsnk/S4RfaCQzPGPyBNuVjJV3cd6UiKtUtp6sNM77gWvzcCH+g==",
      "license": "MIT",
      "engines": {
        "node": ">=10.0.0"
      },
      "peerDependencies": {
        "bufferutil": "^4.0.1",
        "utf-8-validate": ">=5.0.2"
      },
      "peerDependenciesMeta": {
        "bufferutil": {
          "optional": true
        },
        "utf-8-validate": {
          "optional": true
        }
      }
    },
    "node_modules/yaml": {
      "version": "2.9.1",
      "resolved": "https://registry.npmjs.org/yaml/-/yaml-2.9.1.tgz",
      "integrity": "sha512-3NxN8+78OdzbT7C/WjGsyfPAtJaN3FNDsWxv7Y7mcDsT/oOmgW8BpyQQFFBnvZE3j9Y2Sdz1ULFLezL7Eb2yFw==",
      "license": "ISC",
      "bin": {
        "yaml": "bin.mjs"
      },
      "engines": {
        "node": ">= 14.6"
      },
      "funding": {
        "url": "https://github.com/sponsors/eemeli"
      }
    },
    "node_modules/zod": {
      "version": "4.5.4",
      "resolved": "https://registry.npmjs.org/zod/-/zod-4.5.4.tgz",
      "integrity": "sha512-sC95tT5iHHH9gtpj6A81kh+NEaRAUFN+qlUPDUbRfOMvNf5QCBqsb3WgvnpVtK5Y+4UfA6KqufotuTvMGiTlsA==",
      "license": "MIT",
      "funding": {
        "url": "https://github.com/sponsors/colinhacks"
      }
    }
  }
}
