skills:
  improve-codebase-architecture:
    repo: mattpocock/skills
    source: github
    syncedAt: 2026-05-08
    generator: external
    path: skills/engineering/improve-codebase-architecture
    ref: main
  grill-me:
    repo: mattpocock/skills
    source: github
    syncedAt: 2026-05-08
    generator: external
    path: skills/productivity/grill-me
    ref: main
